PODS:
  - DDLoggerSwift (5.1.1):
    - DDLoggerSwift/core (= 5.1.1)
  - DDLoggerSwift/core (5.1.1):
    - DDUtils/ui (~> 5.0.0)
    - DDUtils/utils (~> 5.0.0)
  - DDUtils/core (5.0.2)
  - DDUtils/ui (5.0.2):
    - DDUtils/core
  - DDUtils/utils (5.0.2):
    - DDUtils/core

DEPENDENCIES:
  - DDLoggerSwift (~> 5)
  - DDUtils/ui (~> 5)
  - DDUtils/utils (~> 5)

SPEC REPOS:
  trunk:
    - DDLoggerSwift
    - DDUtils

SPEC CHECKSUMS:
  DDLoggerSwift: adcd15af5a1813348b207c042749c063f3ed4b3c
  DDUtils: 56b14d305b574751a3e5336717a6dfd56dd2c58c

PODFILE CHECKSUM: b6d9a193c3bc208c301128dfb6e635dee6de8018

COCOAPODS: 1.15.2
