PODS:
  - HDPingTools/core (1.1.5)
  - HDPingTools/zxkit (1.1.5):
    - HDPingTools/core
    - ZXKitCore/core
    - ZXKitLogger/zxkit
  - SnapKit (5.0.1)
  - ZXKitCore/core (0.0.19):
    - SnapKit
    - ZXKitUtil
  - ZXKitFPS (0.0.4):
    - ZXKitFPS/core (= 0.0.4)
  - ZXKitFPS/core (0.0.4)
  - ZXKitFPS/zxkit (0.0.4):
    - ZXKitCore/core
    - ZXKitFPS/core
  - ZXKitLogger/core (2.5.6):
    - ZXKitCore/core
    - ZXKitFPS
    - ZXKitUtil
  - ZXKitLogger/zxkit (2.5.6):
    - ZXKitCore/core
    - ZXKitLogger/core
  - ZXKitUtil (0.0.8):
    - ZXKitUtil/core (= 0.0.8)
  - ZXKitUtil/core (0.0.8)

DEPENDENCIES:
  - HDPingTools/zxkit
  - ZXKitFPS/zxkit
  - ZXKitLogger/zxkit

SPEC REPOS:
  trunk:
    - HDPingTools
    - SnapKit
    - ZXKitCore
    - ZXKitFPS
    - ZXKitLogger
    - ZXKitUtil

SPEC CHECKSUMS:
  HDPingTools: 973469074a616905b280fcc896eadc60f740fa26
  SnapKit: 97b92857e3df3a0c71833cce143274bf6ef8e5eb
  ZXKitCore: 3e1611355f06455071a4d3598ff606a011165a63
  ZXKitFPS: 9d6d437cfd63c9a21baa1095329005ea4b8057a9
  ZXKitLogger: 7030e440179d465d4e69bd820a1106f03afc7a5b
  ZXKitUtil: 3e4847994fbea5751bdef7e6bda6ff40a60b3493

PODFILE CHECKSUM: faf8e1ca2b8673a849fd67043af17967c66d162d

COCOAPODS: 1.10.1
